Microsoft Visual Studio Solution File, Format Version 12.00
# Visual Studio Version 17
VisualStudioVersion = 17.5.2.0
MinimumVisualStudioVersion = 10.0.40219.1
Project("{FAE04EC0-301F-11D3-BF4B-00C04F79EFBC}") = "gamedata.Api", "gamedata.Api.csproj", "{FE9F4AA1-C668-F76D-C76C-D7A1E9E09E6E}"
EndProject
Global
	GlobalSection(SolutionConfigurationPlatforms) = preSolution
		Debug|Any CPU = Debug|Any CPU
		Release|Any CPU = Release|Any CPU
	EndGlobalSection
	GlobalSection(ProjectConfigurationPlatforms) = postSolution
		{FE9F4AA1-C668-F76D-C76C-D7A1E9E09E6E}.Debug|Any CPU.ActiveCfg = Debug|Any CPU
		{FE9F4AA1-C668-F76D-C76C-D7A1E9E09E6E}.Debug|Any CPU.Build.0 = Debug|Any CPU
		{FE9F4AA1-C668-F76D-C76C-D7A1E9E09E6E}.Release|Any CPU.ActiveCfg = Release|Any CPU
		{FE9F4AA1-C668-F76D-C76C-D7A1E9E09E6E}.Release|Any CPU.Build.0 = Release|Any CPU
	EndGlobalSection
	GlobalSection(SolutionProperties) = preSolution
		HideSolutionNode = FALSE
	EndGlobalSection
	GlobalSection(ExtensibilityGlobals) = postSolution
		SolutionGuid = {1D129CB1-CFAC-4F43-912F-059015147A9C}
	EndGlobalSection
EndGlobal
